
Microsoft Visual Studio Solution File, Format Version 12.00
# Visual Studio Version 16
VisualStudioVersion = 16.0.30804.86
MinimumVisualStudioVersion = 10.0.40219.1
Project("{9A19103F-16F7-4668-BE54-9A1E7A4F7556}") = "ECS", "..\ECS\ECS.csproj", "{898390EE-51CC-40B5-8432-25DB4F7CFE1D}"
EndProject
Project("{9A19103F-16F7-4668-BE54-9A1E7A4F7556}") = "Games", "GameService\GameService\Games.csproj", "{4AC089BC-C07E-413B-8BF5-75030F0B94E0}"
EndProject
Project("{9A19103F-16F7-4668-BE54-9A1E7A4F7556}") = "ConnectionService", "ConnectionService\ConnectionService\ConnectionService.csproj", "{8185CAFF-A8E7-4552-A79E-736760088217}"
EndProject
Global
	GlobalSection(SolutionConfigurationPlatforms) = preSolution
		Debug|Any CPU = Debug|Any CPU
		Release|Any CPU = Release|Any CPU
	EndGlobalSection
	GlobalSection(ProjectConfigurationPlatforms) = postSolution
		{898390EE-51CC-40B5-8432-25DB4F7CFE1D}.Debug|Any CPU.ActiveCfg = Debug|Any CPU
		{898390EE-51CC-40B5-8432-25DB4F7CFE1D}.Debug|Any CPU.Build.0 = Debug|Any CPU
		{898390EE-51CC-40B5-8432-25DB4F7CFE1D}.Release|Any CPU.ActiveCfg = Release|Any CPU
		{898390EE-51CC-40B5-8432-25DB4F7CFE1D}.Release|Any CPU.Build.0 = Release|Any CPU
		{4AC089BC-C07E-413B-8BF5-75030F0B94E0}.Debug|Any CPU.ActiveCfg = Debug|Any CPU
		{4AC089BC-C07E-413B-8BF5-75030F0B94E0}.Debug|Any CPU.Build.0 = Debug|Any CPU
		{4AC089BC-C07E-413B-8BF5-75030F0B94E0}.Release|Any CPU.ActiveCfg = Release|Any CPU
		{4AC089BC-C07E-413B-8BF5-75030F0B94E0}.Release|Any CPU.Build.0 = Release|Any CPU
		{8185CAFF-A8E7-4552-A79E-736760088217}.Debug|Any CPU.ActiveCfg = Debug|Any CPU
		{8185CAFF-A8E7-4552-A79E-736760088217}.Debug|Any CPU.Build.0 = Debug|Any CPU
		{8185CAFF-A8E7-4552-A79E-736760088217}.Release|Any CPU.ActiveCfg = Release|Any CPU
		{8185CAFF-A8E7-4552-A79E-736760088217}.Release|Any CPU.Build.0 = Release|Any CPU
	EndGlobalSection
	GlobalSection(SolutionProperties) = preSolution
		HideSolutionNode = FALSE
	EndGlobalSection
	GlobalSection(ExtensibilityGlobals) = postSolution
		SolutionGuid = {EAB46484-A9C7-4A93-BAAA-FB8BE8E29FE5}
	EndGlobalSection
EndGlobal
